{
  "name": "longarc-protocol",
  "version": "0.0.0-v0",
  "lockfileVersion": 3,
  "requires": true,
  "packages": {
    "": {
      "name": "longarc-protocol",
      "version": "0.0.0-v0",
      "license": "Apache-2.0",
      "bin": {
        "longarc-protocol": "bin/longarc-protocol.mjs"
      },
      "engines": {
        "node": ">=22.14.0"
      }
    }
  }
}
